{
  "originHash" : "90f6c4e3ed3f9282a3386cfe4155325216b482e0ef040b53819b170958981a5f",
  "pins" : [
    {
      "identity" : "richtextkit",
      "kind" : "remoteSourceControl",
      "location" : "https://github.com/danielsaidi/RichTextKit",
      "state" : {
        "revision" : "e08e31b9d48f2f390f2909f5364109e93b11dede",
        "version" : "0.9.9"
      }
    }
  ],
  "version" : 3
}
