{
  "originHash" : "ad8ed9eba94f445c6483be8dcc629f3992eebe5d17fe6e4d39bf97756046289f",
  "pins" : [
    {
      "identity" : "richtextkit",
      "kind" : "remoteSourceControl",
      "location" : "https://github.com/danielsaidi/RichTextKit",
      "state" : {
        "revision" : "e08e31b9d48f2f390f2909f5364109e93b11dede",
        "version" : "0.9.9"
      }
    }
  ],
  "version" : 3
}
