// !$*UTF8*$!
{
	archiveVersion = 1;
	classes = {
	};
	objectVersion = 77;
	objects = {

/* Begin PBXBuildFile section */
		38D4071B2F7A624D00B85136 /* WidgetKit.framework in Frameworks */ = {isa = PBXBuildFile; fileRef = 38D4071A2F7A624D00B85136 /* WidgetKit.framework */; };
		38D4071D2F7A624D00B85136 /* SwiftUI.framework in Frameworks */ = {isa = PBXBuildFile; fileRef = 38D4071C2F7A624D00B85136 /* SwiftUI.framework */; };
		38D4072C2F7A624F00B85136 /* ProdNoteWidgetExtensionExtension.appex in Embed Foundation Extensions */ = {isa = PBXBuildFile; fileRef = 38D407182F7A624D00B85136 /* ProdNoteWidgetExtensionExtension.appex */; settings = {ATTRIBUTES = (RemoveHeadersOnCopy, ); }; };
		38D407412F7A6DC700B85136 /* ProdNoteShared in Frameworks */ = {isa = PBXBuildFile; productRef = 38D407402F7A6DC700B85136 /* ProdNoteShared */; };
		38D407432F7A6E1300B85136 /* ProdNoteShared in Frameworks */ = {isa = PBXBuildFile; productRef = 38D407422F7A6E1300B85136 /* ProdNoteShared */; };
		AA000001AAAA000100000001 /* RichTextKit in Frameworks */ = {isa = PBXBuildFile; productRef = AA000002AAAA000200000002 /* RichTextKit */; };
/* End PBXBuildFile section */

/* Begin PBXContainerItemProxy section */
		38577E5F2F787F2A002E377C /* PBXContainerItemProxy */ = {
			isa = PBXContainerItemProxy;
			containerPortal = 38EED4722F75B1CB0069B470 /* Project object */;
			proxyType = 1;
			remoteGlobalIDString = 38EED4792F75B1CB0069B470;
			remoteInfo = "Note-taking";
		};
		38D4072A2F7A624F00B85136 /* PBXContainerItemProxy */ = {
			isa = PBXContainerItemProxy;
			containerPortal = 38EED4722F75B1CB0069B470 /* Project object */;
			proxyType = 1;
			remoteGlobalIDString = 38D407172F7A624D00B85136;
			remoteInfo = ProdNoteWidgetExtensionExtension;
		};
		CC110001000000000000009A /* PBXContainerItemProxy */ = {
			isa = PBXContainerItemProxy;
			containerPortal = 38EED4722F75B1CB0069B470 /* Project object */;
			proxyType = 1;
			remoteGlobalIDString = 38EED4792F75B1CB0069B470;
			remoteInfo = "Note-taking";
		};
/* End PBXContainerItemProxy section */

/* Begin PBXCopyFilesBuildPhase section */
		38D4072D2F7A624F00B85136 /* Embed Foundation Extensions */ = {
			isa = PBXCopyFilesBuildPhase;
			buildActionMask = 2147483647;
			dstPath = "";
			dstSubfolderSpec = 13;
			files = (
				38D4072C2F7A624F00B85136 /* ProdNoteWidgetExtensionExtension.appex in Embed Foundation Extensions */,
			);
			name = "Embed Foundation Extensions";
			runOnlyForDeploymentPostprocessing = 0;
		};
/* End PBXCopyFilesBuildPhase section */

/* Begin PBXFileReference section */
		23ECF9A3315D49C3CF79E97D /* tasks */ = {isa = PBXFileReference; includeInIndex = 1; lastKnownFileType = folder; path = tasks; sourceTree = SOURCE_ROOT; };
		2CDB94D54DD26F411EB8D88C /* References */ = {isa = PBXFileReference; includeInIndex = 1; lastKnownFileType = folder; path = References; sourceTree = SOURCE_ROOT; };
		38577DFF2F785C68002E377C /* Note-takingTests.xctest */ = {isa = PBXFileReference; explicitFileType = wrapper.cfbundle; includeInIndex = 0; path = "Note-takingTests.xctest"; sourceTree = BUILT_PRODUCTS_DIR; };
		38577E592F787F2A002E377C /* Note-takingUITests.xctest */ = {isa = PBXFileReference; explicitFileType = wrapper.cfbundle; includeInIndex = 0; path = "Note-takingUITests.xctest"; sourceTree = BUILT_PRODUCTS_DIR; };
		3862FF132F7888E8006FCB03 /* Note-taking.xctestplan */ = {isa = PBXFileReference; lastKnownFileType = text; path = "Note-taking.xctestplan"; sourceTree = "<group>"; };
		38D407182F7A624D00B85136 /* ProdNoteWidgetExtensionExtension.appex */ = {isa = PBXFileReference; explicitFileType = "wrapper.app-extension"; includeInIndex = 0; path = ProdNoteWidgetExtensionExtension.appex; sourceTree = BUILT_PRODUCTS_DIR; };
		38D4071A2F7A624D00B85136 /* WidgetKit.framework */ = {isa = PBXFileReference; lastKnownFileType = wrapper.framework; name = WidgetKit.framework; path = System/Library/Frameworks/WidgetKit.framework; sourceTree = SDKROOT; };
		38D4071C2F7A624D00B85136 /* SwiftUI.framework */ = {isa = PBXFileReference; lastKnownFileType = wrapper.framework; name = SwiftUI.framework; path = System/Library/Frameworks/SwiftUI.framework; sourceTree = SDKROOT; };
		38D4073E2F7A685B00B85136 /* ProdNoteWidgetExtensionExtension.entitlements */ = {isa = PBXFileReference; lastKnownFileType = text.plist.entitlements; path = ProdNoteWidgetExtensionExtension.entitlements; sourceTree = "<group>"; };
		38EED47A2F75B1CB0069B470 /* Note-taking.app */ = {isa = PBXFileReference; explicitFileType = wrapper.application; includeInIndex = 0; path = "Note-taking.app"; sourceTree = BUILT_PRODUCTS_DIR; };
		B3DBD6ED202F394D995BBE1E /* PRELAUNCH-REQUIREMENTS.md */ = {isa = PBXFileReference; includeInIndex = 1; lastKnownFileType = net.daringfireball.markdown; path = "PRELAUNCH-REQUIREMENTS.md"; sourceTree = SOURCE_ROOT; };
/* End PBXFileReference section */

/* Begin PBXFileSystemSynchronizedBuildFileExceptionSet section */
		38D407312F7A624F00B85136 /* Exceptions for "ProdNoteWidgetExtension" folder in "ProdNoteWidgetExtensionExtension" target */ = {
			isa = PBXFileSystemSynchronizedBuildFileExceptionSet;
			membershipExceptions = (
				Info.plist,
			);
			target = 38D407172F7A624D00B85136 /* ProdNoteWidgetExtensionExtension */;
		};
		AA000010BBBB001000000010 /* Exceptions for "Note-taking" folder in "Note-taking" target */ = {
			isa = PBXFileSystemSynchronizedBuildFileExceptionSet;
			membershipExceptions = (
				Info.plist,
			);
			target = 38EED4792F75B1CB0069B470 /* Note-taking */;
		};
/* End PBXFileSystemSynchronizedBuildFileExceptionSet section */

/* Begin PBXFileSystemSynchronizedRootGroup section */
		38577E5A2F787F2A002E377C /* Note-takingUITests */ = {
			isa = PBXFileSystemSynchronizedRootGroup;
			path = "Note-takingUITests";
			sourceTree = "<group>";
		};
		38D4071E2F7A624D00B85136 /* ProdNoteWidgetExtension */ = {
			isa = PBXFileSystemSynchronizedRootGroup;
			exceptions = (
				38D407312F7A624F00B85136 /* Exceptions for "ProdNoteWidgetExtension" folder in "ProdNoteWidgetExtensionExtension" target */,
			);
			path = ProdNoteWidgetExtension;
			sourceTree = "<group>";
		};
		38EED47C2F75B1CB0069B470 /* Note-taking */ = {
			isa = PBXFileSystemSynchronizedRootGroup;
			exceptions = (
				AA000010BBBB001000000010 /* Exceptions for "Note-taking" folder in "Note-taking" target */,
			);
			path = "Note-taking";
			sourceTree = "<group>";
		};
		CC110001000000000000001A /* Note-takingTests */ = {
			isa = PBXFileSystemSynchronizedRootGroup;
			path = "Note-takingTests";
			sourceTree = "<group>";
		};
/* End PBXFileSystemSynchronizedRootGroup section */

/* Begin PBXFrameworksBuildPhase section */
		38577E562F787F2A002E377C /* Frameworks */ = {
			isa = PBXFrameworksBuildPhase;
			buildActionMask = 2147483647;
			files = (
			);
			runOnlyForDeploymentPostprocessing = 0;
		};
		38D407152F7A624D00B85136 /* Frameworks */ = {
			isa = PBXFrameworksBuildPhase;
			buildActionMask = 2147483647;
			files = (
				38D4071D2F7A624D00B85136 /* SwiftUI.framework in Frameworks */,
				38D4071B2F7A624D00B85136 /* WidgetKit.framework in Frameworks */,
				38D407432F7A6E1300B85136 /* ProdNoteShared in Frameworks */,
			);
			runOnlyForDeploymentPostprocessing = 0;
		};
		38EED4772F75B1CB0069B470 /* Frameworks */ = {
			isa = PBXFrameworksBuildPhase;
			buildActionMask = 2147483647;
			files = (
				38D407412F7A6DC700B85136 /* ProdNoteShared in Frameworks */,
				AA000001AAAA000100000001 /* RichTextKit in Frameworks */,
			);
			runOnlyForDeploymentPostprocessing = 0;
		};
		CC110001000000000000004A /* Frameworks */ = {
			isa = PBXFrameworksBuildPhase;
			buildActionMask = 2147483647;
			files = (
			);
			runOnlyForDeploymentPostprocessing = 0;
		};
/* End PBXFrameworksBuildPhase section */

/* Begin PBXGroup section */
		38D407192F7A624D00B85136 /* Frameworks */ = {
			isa = PBXGroup;
			children = (
				38D4071A2F7A624D00B85136 /* WidgetKit.framework */,
				38D4071C2F7A624D00B85136 /* SwiftUI.framework */,
			);
			name = Frameworks;
			sourceTree = "<group>";
		};
		38EED4712F75B1CB0069B470 = {
			isa = PBXGroup;
			children = (
				38D4073E2F7A685B00B85136 /* ProdNoteWidgetExtensionExtension.entitlements */,
				3862FF132F7888E8006FCB03 /* Note-taking.xctestplan */,
				38EED47C2F75B1CB0069B470 /* Note-taking */,
				CC110001000000000000001A /* Note-takingTests */,
				38577E5A2F787F2A002E377C /* Note-takingUITests */,
				38D4071E2F7A624D00B85136 /* ProdNoteWidgetExtension */,
				38D407192F7A624D00B85136 /* Frameworks */,
				38EED47B2F75B1CB0069B470 /* Products */,
				2CDB94D54DD26F411EB8D88C /* References */,
				B3DBD6ED202F394D995BBE1E /* PRELAUNCH-REQUIREMENTS.md */,
				23ECF9A3315D49C3CF79E97D /* tasks */,
			);
			sourceTree = "<group>";
		};
		38EED47B2F75B1CB0069B470 /* Products */ = {
			isa = PBXGroup;
			children = (
				38EED47A2F75B1CB0069B470 /* Note-taking.app */,
				38577DFF2F785C68002E377C /* Note-takingTests.xctest */,
				38577E592F787F2A002E377C /* Note-takingUITests.xctest */,
				38D407182F7A624D00B85136 /* ProdNoteWidgetExtensionExtension.appex */,
			);
			name = Products;
			sourceTree = "<group>";
		};
/* End PBXGroup section */

/* Begin PBXNativeTarget section */
		38577E582F787F2A002E377C /* Note-takingUITests */ = {
			isa = PBXNativeTarget;
			buildConfigurationList = 38577E632F787F2A002E377C /* Build configuration list for PBXNativeTarget "Note-takingUITests" */;
			buildPhases = (
				38577E552F787F2A002E377C /* Sources */,
				38577E562F787F2A002E377C /* Frameworks */,
				38577E572F787F2A002E377C /* Resources */,
			);
			buildRules = (
			);
			dependencies = (
				38577E602F787F2A002E377C /* PBXTargetDependency */,
			);
			fileSystemSynchronizedGroups = (
				38577E5A2F787F2A002E377C /* Note-takingUITests */,
			);
			name = "Note-takingUITests";
			packageProductDependencies = (
			);
			productName = "Note-takingUITests";
			productReference = 38577E592F787F2A002E377C /* Note-takingUITests.xctest */;
			productType = "com.apple.product-type.bundle.ui-testing";
		};
		38D407172F7A624D00B85136 /* ProdNoteWidgetExtensionExtension */ = {
			isa = PBXNativeTarget;
			buildConfigurationList = 38D407302F7A624F00B85136 /* Build configuration list for PBXNativeTarget "ProdNoteWidgetExtensionExtension" */;
			buildPhases = (
				38D407142F7A624D00B85136 /* Sources */,
				38D407152F7A624D00B85136 /* Frameworks */,
				38D407162F7A624D00B85136 /* Resources */,
			);
			buildRules = (
			);
			dependencies = (
			);
			fileSystemSynchronizedGroups = (
				38D4071E2F7A624D00B85136 /* ProdNoteWidgetExtension */,
			);
			name = ProdNoteWidgetExtensionExtension;
			packageProductDependencies = (
				38D407422F7A6E1300B85136 /* ProdNoteShared */,
			);
			productName = ProdNoteWidgetExtensionExtension;
			productReference = 38D407182F7A624D00B85136 /* ProdNoteWidgetExtensionExtension.appex */;
			productType = "com.apple.product-type.app-extension";
		};
		38EED4792F75B1CB0069B470 /* Note-taking */ = {
			isa = PBXNativeTarget;
			buildConfigurationList = 38EED4852F75B1CC0069B470 /* Build configuration list for PBXNativeTarget "Note-taking" */;
			buildPhases = (
				38EED4762F75B1CB0069B470 /* Sources */,
				38EED4772F75B1CB0069B470 /* Frameworks */,
				38EED4782F75B1CB0069B470 /* Resources */,
				38D4072D2F7A624F00B85136 /* Embed Foundation Extensions */,
			);
			buildRules = (
			);
			dependencies = (
				38D4072B2F7A624F00B85136 /* PBXTargetDependency */,
			);
			fileSystemSynchronizedGroups = (
				38EED47C2F75B1CB0069B470 /* Note-taking */,
			);
			name = "Note-taking";
			packageProductDependencies = (
				AA000002AAAA000200000002 /* RichTextKit */,
				38D407402F7A6DC700B85136 /* ProdNoteShared */,
			);
			productName = "Note-taking";
			productReference = 38EED47A2F75B1CB0069B470 /* Note-taking.app */;
			productType = "com.apple.product-type.application";
		};
		CC110001000000000000005A /* Note-takingTests */ = {
			isa = PBXNativeTarget;
			buildConfigurationList = CC110001000000000000008A /* Build configuration list for PBXNativeTarget "Note-takingTests" */;
			buildPhases = (
				CC110001000000000000003A /* Sources */,
				CC110001000000000000004A /* Frameworks */,
			);
			buildRules = (
			);
			dependencies = (
				CC11000100000000000000AA /* PBXTargetDependency */,
			);
			fileSystemSynchronizedGroups = (
				CC110001000000000000001A /* Note-takingTests */,
			);
			name = "Note-takingTests";
			productName = "Note-takingTests";
			productReference = 38577DFF2F785C68002E377C /* Note-takingTests.xctest */;
			productType = "com.apple.product-type.bundle.unit-test";
		};
/* End PBXNativeTarget section */

/* Begin PBXProject section */
		38EED4722F75B1CB0069B470 /* Project object */ = {
			isa = PBXProject;
			attributes = {
				BuildIndependentTargetsInParallel = 1;
				LastSwiftUpdateCheck = 2630;
				LastUpgradeCheck = 2630;
				TargetAttributes = {
					38577E582F787F2A002E377C = {
						CreatedOnToolsVersion = 26.3;
						TestTargetID = 38EED4792F75B1CB0069B470;
					};
					38D407172F7A624D00B85136 = {
						CreatedOnToolsVersion = 26.3;
					};
					38EED4792F75B1CB0069B470 = {
						CreatedOnToolsVersion = 26.3;
					};
					CC110001000000000000005A = {
						CreatedOnToolsVersion = 26.3;
						TestTargetID = 38EED4792F75B1CB0069B470;
					};
				};
			};
			buildConfigurationList = 38EED4752F75B1CB0069B470 /* Build configuration list for PBXProject "Note-taking" */;
			developmentRegion = en;
			hasScannedForEncodings = 0;
			knownRegions = (
				en,
				Base,
			);
			mainGroup = 38EED4712F75B1CB0069B470;
			minimizedProjectReferenceProxies = 1;
			packageReferences = (
				AA000003AAAA000300000003 /* XCRemoteSwiftPackageReference "RichTextKit" */,
				38D4073F2F7A6D8400B85136 /* XCLocalSwiftPackageReference "ProdNoteShared" */,
			);
			preferredProjectObjectVersion = 77;
			productRefGroup = 38EED47B2F75B1CB0069B470 /* Products */;
			projectDirPath = "";
			projectRoot = "";
			targets = (
				38EED4792F75B1CB0069B470 /* Note-taking */,
				CC110001000000000000005A /* Note-takingTests */,
				38577E582F787F2A002E377C /* Note-takingUITests */,
				38D407172F7A624D00B85136 /* ProdNoteWidgetExtensionExtension */,
			);
		};
/* End PBXProject section */

/* Begin PBXResourcesBuildPhase section */
		38577E572F787F2A002E377C /* Resources */ = {
			isa = PBXResourcesBuildPhase;
			buildActionMask = 2147483647;
			files = (
			);
			runOnlyForDeploymentPostprocessing = 0;
		};
		38D407162F7A624D00B85136 /* Resources */ = {
			isa = PBXResourcesBuildPhase;
			buildActionMask = 2147483647;
			files = (
			);
			runOnlyForDeploymentPostprocessing = 0;
		};
		38EED4782F75B1CB0069B470 /* Resources */ = {
			isa = PBXResourcesBuildPhase;
			buildActionMask = 2147483647;
			files = (
			);
			runOnlyForDeploymentPostprocessing = 0;
		};
/* End PBXResourcesBuildPhase section */

/* Begin PBXSourcesBuildPhase section */
		38577E552F787F2A002E377C /* Sources */ = {
			isa = PBXSourcesBuildPhase;
			buildActionMask = 2147483647;
			files = (
			);
			runOnlyForDeploymentPostprocessing = 0;
		};
		38D407142F7A624D00B85136 /* Sources */ = {
			isa = PBXSourcesBuildPhase;
			buildActionMask = 2147483647;
			files = (
			);
			runOnlyForDeploymentPostprocessing = 0;
		};
		38EED4762F75B1CB0069B470 /* Sources */ = {
			isa = PBXSourcesBuildPhase;
			buildActionMask = 2147483647;
			files = (
			);
			runOnlyForDeploymentPostprocessing = 0;
		};
		CC110001000000000000003A /* Sources */ = {
			isa = PBXSourcesBuildPhase;
			buildActionMask = 2147483647;
			files = (
			);
			runOnlyForDeploymentPostprocessing = 0;
		};
/* End PBXSourcesBuildPhase section */

/* Begin PBXTargetDependency section */
		38577E602F787F2A002E377C /* PBXTargetDependency */ = {
			isa = PBXTargetDependency;
			target = 38EED4792F75B1CB0069B470 /* Note-taking */;
			targetProxy = 38577E5F2F787F2A002E377C /* PBXContainerItemProxy */;
		};
		38D4072B2F7A624F00B85136 /* PBXTargetDependency */ = {
			isa = PBXTargetDependency;
			target = 38D407172F7A624D00B85136 /* ProdNoteWidgetExtensionExtension */;
			targetProxy = 38D4072A2F7A624F00B85136 /* PBXContainerItemProxy */;
		};
		CC11000100000000000000AA /* PBXTargetDependency */ = {
			isa = PBXTargetDependency;
			target = 38EED4792F75B1CB0069B470 /* Note-taking */;
			targetProxy = CC110001000000000000009A /* PBXContainerItemProxy */;
		};
/* End PBXTargetDependency section */

/* Begin XCBuildConfiguration section */
		38577E612F787F2A002E377C /* Debug */ = {
			isa = XCBuildConfiguration;
			buildSettings = {
				CODE_SIGN_STYLE = Automatic;
				CURRENT_PROJECT_VERSION = 1;
				GENERATE_INFOPLIST_FILE = YES;
				IPHONEOS_DEPLOYMENT_TARGET = 26.2;
				MARKETING_VERSION = 1.0;
				PRODUCT_BUNDLE_IDENTIFIER = com.prodnote.notetakingUITests;
				PRODUCT_NAME = "$(TARGET_NAME)";
				SDKROOT = iphoneos;
				STRING_CATALOG_GENERATE_SYMBOLS = NO;
				SWIFT_APPROACHABLE_CONCURRENCY = YES;
				SWIFT_EMIT_LOC_STRINGS = NO;
				SWIFT_UPCOMING_FEATURE_MEMBER_IMPORT_VISIBILITY = YES;
				SWIFT_VERSION = 5.0;
				TARGETED_DEVICE_FAMILY = "1,2";
				TEST_TARGET_NAME = "Note-taking";
			};
			name = Debug;
		};
		38577E622F787F2A002E377C /* Release */ = {
			isa = XCBuildConfiguration;
			buildSettings = {
				CODE_SIGN_STYLE = Automatic;
				CURRENT_PROJECT_VERSION = 1;
				GENERATE_INFOPLIST_FILE = YES;
				IPHONEOS_DEPLOYMENT_TARGET = 26.2;
				MARKETING_VERSION = 1.0;
				PRODUCT_BUNDLE_IDENTIFIER = com.prodnote.notetakingUITests;
				PRODUCT_NAME = "$(TARGET_NAME)";
				SDKROOT = iphoneos;
				STRING_CATALOG_GENERATE_SYMBOLS = NO;
				SWIFT_APPROACHABLE_CONCURRENCY = YES;
				SWIFT_EMIT_LOC_STRINGS = NO;
				SWIFT_UPCOMING_FEATURE_MEMBER_IMPORT_VISIBILITY = YES;
				SWIFT_VERSION = 5.0;
				TARGETED_DEVICE_FAMILY = "1,2";
				TEST_TARGET_NAME = "Note-taking";
				VALIDATE_PRODUCT = YES;
			};
			name = Release;
		};
		38D4072E2F7A624F00B85136 /* Debug */ = {
			isa = XCBuildConfiguration;
			buildSettings = {
				ASSETCATALOG_COMPILER_GLOBAL_ACCENT_COLOR_NAME = AccentColor;
				ASSETCATALOG_COMPILER_WIDGET_BACKGROUND_COLOR_NAME = WidgetBackground;
				CODE_SIGN_ENTITLEMENTS = ProdNoteWidgetExtensionExtension.entitlements;
				CODE_SIGN_STYLE = Automatic;
				CURRENT_PROJECT_VERSION = 1;
				DEVELOPMENT_TEAM = 2Q6SBYY55H;
				GENERATE_INFOPLIST_FILE = YES;
				INFOPLIST_FILE = ProdNoteWidgetExtension/Info.plist;
				INFOPLIST_KEY_CFBundleDisplayName = ProdNoteWidgetExtension;
				INFOPLIST_KEY_NSHumanReadableCopyright = "";
				IPHONEOS_DEPLOYMENT_TARGET = 26.2;
				LD_RUNPATH_SEARCH_PATHS = (
					"$(inherited)",
					"@executable_path/Frameworks",
					"@executable_path/../../Frameworks",
				);
				MARKETING_VERSION = 1.0;
				PRODUCT_BUNDLE_IDENTIFIER = com.prodnote.notetaking.widget;
				PRODUCT_NAME = "$(TARGET_NAME)";
				SDKROOT = iphoneos;
				SKIP_INSTALL = YES;
				STRING_CATALOG_GENERATE_SYMBOLS = YES;
				SWIFT_APPROACHABLE_CONCURRENCY = YES;
				SWIFT_EMIT_LOC_STRINGS = YES;
				SWIFT_UPCOMING_FEATURE_MEMBER_IMPORT_VISIBILITY = YES;
				SWIFT_VERSION = 5.0;
				TARGETED_DEVICE_FAMILY = "1,2";
			};
			name = Debug;
		};
		38D4072F2F7A624F00B85136 /* Release */ = {
			isa = XCBuildConfiguration;
			buildSettings = {
				ASSETCATALOG_COMPILER_GLOBAL_ACCENT_COLOR_NAME = AccentColor;
				ASSETCATALOG_COMPILER_WIDGET_BACKGROUND_COLOR_NAME = WidgetBackground;
				CODE_SIGN_ENTITLEMENTS = ProdNoteWidgetExtensionExtension.entitlements;
				CODE_SIGN_STYLE = Automatic;
				CURRENT_PROJECT_VERSION = 1;
				DEVELOPMENT_TEAM = 2Q6SBYY55H;
				GENERATE_INFOPLIST_FILE = YES;
				INFOPLIST_FILE = ProdNoteWidgetExtension/Info.plist;
				INFOPLIST_KEY_CFBundleDisplayName = ProdNoteWidgetExtension;
				INFOPLIST_KEY_NSHumanReadableCopyright = "";
				IPHONEOS_DEPLOYMENT_TARGET = 26.2;
				LD_RUNPATH_SEARCH_PATHS = (
					"$(inherited)",
					"@executable_path/Frameworks",
					"@executable_path/../../Frameworks",
				);
				MARKETING_VERSION = 1.0;
				PRODUCT_BUNDLE_IDENTIFIER = com.prodnote.notetaking.widget;
				PRODUCT_NAME = "$(TARGET_NAME)";
				SDKROOT = iphoneos;
				SKIP_INSTALL = YES;
				STRING_CATALOG_GENERATE_SYMBOLS = YES;
				SWIFT_APPROACHABLE_CONCURRENCY = YES;
				SWIFT_EMIT_LOC_STRINGS = YES;
				SWIFT_UPCOMING_FEATURE_MEMBER_IMPORT_VISIBILITY = YES;
				SWIFT_VERSION = 5.0;
				TARGETED_DEVICE_FAMILY = "1,2";
				VALIDATE_PRODUCT = YES;
			};
			name = Release;
		};
		38EED4832F75B1CC0069B470 /* Debug */ = {
			isa = XCBuildConfiguration;
			buildSettings = {
				ALWAYS_SEARCH_USER_PATHS = NO;
				ASSETCATALOG_COMPILER_GENERATE_SWIFT_ASSET_SYMBOL_EXTENSIONS = YES;
				CLANG_ANALYZER_NONNULL = YES;
				CLANG_ANALYZER_NUMBER_OBJECT_CONVERSION = YES_AGGRESSIVE;
				CLANG_CXX_LANGUAGE_STANDARD = "gnu++20";
				CLANG_ENABLE_MODULES = YES;
				CLANG_ENABLE_OBJC_ARC = YES;
				CLANG_ENABLE_OBJC_WEAK = YES;
				CLANG_WARN_BLOCK_CAPTURE_AUTORELEASING = YES;
				CLANG_WARN_BOOL_CONVERSION = YES;
				CLANG_WARN_COMMA = YES;
				CLANG_WARN_CONSTANT_CONVERSION = YES;
				CLANG_WARN_DEPRECATED_OBJC_IMPLEMENTATIONS = YES;
				CLANG_WARN_DIRECT_OBJC_ISA_USAGE = YES_ERROR;
				CLANG_WARN_DOCUMENTATION_COMMENTS = YES;
				CLANG_WARN_EMPTY_BODY = YES;
				CLANG_WARN_ENUM_CONVERSION = YES;
				CLANG_WARN_INFINITE_RECURSION = YES;
				CLANG_WARN_INT_CONVERSION = YES;
				CLANG_WARN_NON_LITERAL_NULL_CONVERSION = YES;
				CLANG_WARN_OBJC_IMPLICIT_RETAIN_SELF = YES;
				CLANG_WARN_OBJC_LITERAL_CONVERSION = YES;
				CLANG_WARN_OBJC_ROOT_CLASS = YES_ERROR;
				CLANG_WARN_QUOTED_INCLUDE_IN_FRAMEWORK_HEADER = YES;
				CLANG_WARN_RANGE_LOOP_ANALYSIS = YES;
				CLANG_WARN_STRICT_PROTOTYPES = YES;
				CLANG_WARN_SUSPICIOUS_MOVE = YES;
				CLANG_WARN_UNGUARDED_AVAILABILITY = YES_AGGRESSIVE;
				CLANG_WARN_UNREACHABLE_CODE = YES;
				CLANG_WARN__DUPLICATE_METHOD_MATCH = YES;
				COPY_PHASE_STRIP = NO;
				DEBUG_INFORMATION_FORMAT = dwarf;
				ENABLE_STRICT_OBJC_MSGSEND = YES;
				ENABLE_TESTABILITY = YES;
				ENABLE_USER_SCRIPT_SANDBOXING = YES;
				GCC_C_LANGUAGE_STANDARD = gnu17;
				GCC_DYNAMIC_NO_PIC = NO;
				GCC_NO_COMMON_BLOCKS = YES;
				GCC_OPTIMIZATION_LEVEL = 0;
				GCC_PREPROCESSOR_DEFINITIONS = (
					"DEBUG=1",
					"$(inherited)",
				);
				GCC_WARN_64_TO_32_BIT_CONVERSION = YES;
				GCC_WARN_ABOUT_RETURN_TYPE = YES_ERROR;
				GCC_WARN_UNDECLARED_SELECTOR = YES;
				GCC_WARN_UNINITIALIZED_AUTOS = YES_AGGRESSIVE;
				GCC_WARN_UNUSED_FUNCTION = YES;
				GCC_WARN_UNUSED_VARIABLE = YES;
				LOCALIZATION_PREFERS_STRING_CATALOGS = YES;
				MTL_ENABLE_DEBUG_INFO = INCLUDE_SOURCE;
				MTL_FAST_MATH = YES;
				ONLY_ACTIVE_ARCH = YES;
				SWIFT_ACTIVE_COMPILATION_CONDITIONS = "DEBUG $(inherited)";
				SWIFT_OPTIMIZATION_LEVEL = "-Onone";
			};
			name = Debug;
		};
		38EED4842F75B1CC0069B470 /* Release */ = {
			isa = XCBuildConfiguration;
			buildSettings = {
				ALWAYS_SEARCH_USER_PATHS = NO;
				ASSETCATALOG_COMPILER_GENERATE_SWIFT_ASSET_SYMBOL_EXTENSIONS = YES;
				CLANG_ANALYZER_NONNULL = YES;
				CLANG_ANALYZER_NUMBER_OBJECT_CONVERSION = YES_AGGRESSIVE;
				CLANG_CXX_LANGUAGE_STANDARD = "gnu++20";
				CLANG_ENABLE_MODULES = YES;
				CLANG_ENABLE_OBJC_ARC = YES;
				CLANG_ENABLE_OBJC_WEAK = YES;
				CLANG_WARN_BLOCK_CAPTURE_AUTORELEASING = YES;
				CLANG_WARN_BOOL_CONVERSION = YES;
				CLANG_WARN_COMMA = YES;
				CLANG_WARN_CONSTANT_CONVERSION = YES;
				CLANG_WARN_DEPRECATED_OBJC_IMPLEMENTATIONS = YES;
				CLANG_WARN_DIRECT_OBJC_ISA_USAGE = YES_ERROR;
				CLANG_WARN_DOCUMENTATION_COMMENTS = YES;
				CLANG_WARN_EMPTY_BODY = YES;
				CLANG_WARN_ENUM_CONVERSION = YES;
				CLANG_WARN_INFINITE_RECURSION = YES;
				CLANG_WARN_INT_CONVERSION = YES;
				CLANG_WARN_NON_LITERAL_NULL_CONVERSION = YES;
				CLANG_WARN_OBJC_IMPLICIT_RETAIN_SELF = YES;
				CLANG_WARN_OBJC_LITERAL_CONVERSION = YES;
				CLANG_WARN_OBJC_ROOT_CLASS = YES_ERROR;
				CLANG_WARN_QUOTED_INCLUDE_IN_FRAMEWORK_HEADER = YES;
				CLANG_WARN_RANGE_LOOP_ANALYSIS = YES;
				CLANG_WARN_STRICT_PROTOTYPES = YES;
				CLANG_WARN_SUSPICIOUS_MOVE = YES;
				CLANG_WARN_UNGUARDED_AVAILABILITY = YES_AGGRESSIVE;
				CLANG_WARN_UNREACHABLE_CODE = YES;
				CLANG_WARN__DUPLICATE_METHOD_MATCH = YES;
				COPY_PHASE_STRIP = NO;
				DEBUG_INFORMATION_FORMAT = "dwarf-with-dsym";
				ENABLE_NS_ASSERTIONS = NO;
				ENABLE_STRICT_OBJC_MSGSEND = YES;
				ENABLE_USER_SCRIPT_SANDBOXING = YES;
				GCC_C_LANGUAGE_STANDARD = gnu17;
				GCC_NO_COMMON_BLOCKS = YES;
				GCC_WARN_64_TO_32_BIT_CONVERSION = YES;
				GCC_WARN_ABOUT_RETURN_TYPE = YES_ERROR;
				GCC_WARN_UNDECLARED_SELECTOR = YES;
				GCC_WARN_UNINITIALIZED_AUTOS = YES_AGGRESSIVE;
				GCC_WARN_UNUSED_FUNCTION = YES;
				GCC_WARN_UNUSED_VARIABLE = YES;
				LOCALIZATION_PREFERS_STRING_CATALOGS = YES;
				MTL_ENABLE_DEBUG_INFO = NO;
				MTL_FAST_MATH = YES;
				SWIFT_COMPILATION_MODE = wholemodule;
			};
			name = Release;
		};
		38EED4862F75B1CC0069B470 /* Debug */ = {
			isa = XCBuildConfiguration;
			buildSettings = {
				ASSETCATALOG_COMPILER_APPICON_NAME = AppIcon;
				ASSETCATALOG_COMPILER_GLOBAL_ACCENT_COLOR_NAME = AccentColor;
				CODE_SIGN_ENTITLEMENTS = "Note-taking/Note-taking.entitlements";
				"CODE_SIGN_IDENTITY[sdk=macosx*]" = "Apple Development";
				CODE_SIGN_STYLE = Automatic;
				CURRENT_PROJECT_VERSION = 1;
				DEVELOPMENT_TEAM = 2Q6SBYY55H;
				ENABLE_APP_SANDBOX = YES;
				ENABLE_PREVIEWS = YES;
				ENABLE_USER_SELECTED_FILES = readonly;
				GENERATE_INFOPLIST_FILE = NO;
				INFOPLIST_FILE = "Note-taking/Info.plist";
				"INFOPLIST_KEY_UIApplicationSceneManifest_Generation[sdk=iphoneos*]" = YES;
				"INFOPLIST_KEY_UIApplicationSceneManifest_Generation[sdk=iphonesimulator*]" = YES;
				"INFOPLIST_KEY_UIApplicationSupportsIndirectInputEvents[sdk=iphoneos*]" = YES;
				"INFOPLIST_KEY_UIApplicationSupportsIndirectInputEvents[sdk=iphonesimulator*]" = YES;
				"INFOPLIST_KEY_UILaunchScreen_Generation[sdk=iphoneos*]" = YES;
				"INFOPLIST_KEY_UILaunchScreen_Generation[sdk=iphonesimulator*]" = YES;
				"INFOPLIST_KEY_UIStatusBarStyle[sdk=iphoneos*]" = UIStatusBarStyleDefault;
				"INFOPLIST_KEY_UIStatusBarStyle[sdk=iphonesimulator*]" = UIStatusBarStyleDefault;
				INFOPLIST_KEY_UISupportedInterfaceOrientations_iPad = "UIInterfaceOrientationPortrait UIInterfaceOrientationPortraitUpsideDown UIInterfaceOrientationLandscapeLeft UIInterfaceOrientationLandscapeRight";
				INFOPLIST_KEY_UISupportedInterfaceOrientations_iPhone = "UIInterfaceOrientationPortrait UIInterfaceOrientationLandscapeLeft UIInterfaceOrientationLandscapeRight";
				IPHONEOS_DEPLOYMENT_TARGET = 26.2;
				LD_RUNPATH_SEARCH_PATHS = "@executable_path/Frameworks";
				"LD_RUNPATH_SEARCH_PATHS[sdk=macosx*]" = "@executable_path/../Frameworks";
				MACOSX_DEPLOYMENT_TARGET = 15.6;
				MARKETING_VERSION = 1.0;
				PRODUCT_BUNDLE_IDENTIFIER = com.prodnote.notetaking;
				PRODUCT_NAME = "$(TARGET_NAME)";
				REGISTER_APP_GROUPS = YES;
				SDKROOT = iphoneos;
				STRING_CATALOG_GENERATE_SYMBOLS = YES;
				SUPPORTED_PLATFORMS = "iphoneos iphonesimulator";
				SUPPORTS_MACCATALYST = NO;
				SUPPORTS_XR_DESIGNED_FOR_IPHONE_IPAD = NO;
				SWIFT_APPROACHABLE_CONCURRENCY = YES;
				SWIFT_DEFAULT_ACTOR_ISOLATION = MainActor;
				SWIFT_EMIT_LOC_STRINGS = YES;
				SWIFT_UPCOMING_FEATURE_MEMBER_IMPORT_VISIBILITY = YES;
				SWIFT_VERSION = 5.0;
				TARGETED_DEVICE_FAMILY = "1,2";
				XROS_DEPLOYMENT_TARGET = 26.2;
			};
			name = Debug;
		};
		38EED4872F75B1CC0069B470 /* Release */ = {
			isa = XCBuildConfiguration;
			buildSettings = {
				ASSETCATALOG_COMPILER_APPICON_NAME = AppIcon;
				ASSETCATALOG_COMPILER_GLOBAL_ACCENT_COLOR_NAME = AccentColor;
				CODE_SIGN_ENTITLEMENTS = "Note-taking/Note-taking.entitlements";
				"CODE_SIGN_IDENTITY[sdk=macosx*]" = "Apple Development";
				CODE_SIGN_STYLE = Automatic;
				CURRENT_PROJECT_VERSION = 1;
				DEVELOPMENT_TEAM = 2Q6SBYY55H;
				ENABLE_APP_SANDBOX = YES;
				ENABLE_PREVIEWS = YES;
				ENABLE_USER_SELECTED_FILES = readonly;
				GENERATE_INFOPLIST_FILE = NO;
				INFOPLIST_FILE = "Note-taking/Info.plist";
				IPHONEOS_DEPLOYMENT_TARGET = 26.2;
				LD_RUNPATH_SEARCH_PATHS = "@executable_path/Frameworks";
				"LD_RUNPATH_SEARCH_PATHS[sdk=macosx*]" = "@executable_path/../Frameworks";
				MACOSX_DEPLOYMENT_TARGET = 15.6;
				MARKETING_VERSION = 1.0;
				PRODUCT_BUNDLE_IDENTIFIER = com.prodnote.notetaking;
				PRODUCT_NAME = "$(TARGET_NAME)";
				REGISTER_APP_GROUPS = YES;
				SDKROOT = iphoneos;
				STRING_CATALOG_GENERATE_SYMBOLS = YES;
				SUPPORTED_PLATFORMS = "iphoneos iphonesimulator";
				SUPPORTS_MACCATALYST = NO;
				SUPPORTS_XR_DESIGNED_FOR_IPHONE_IPAD = NO;
				SWIFT_APPROACHABLE_CONCURRENCY = YES;
				SWIFT_DEFAULT_ACTOR_ISOLATION = MainActor;
				SWIFT_EMIT_LOC_STRINGS = YES;
				SWIFT_UPCOMING_FEATURE_MEMBER_IMPORT_VISIBILITY = YES;
				SWIFT_VERSION = 5.0;
				TARGETED_DEVICE_FAMILY = "1,2";
				XROS_DEPLOYMENT_TARGET = 26.2;
			};
			name = Release;
		};
		CC110001000000000000006A /* Debug */ = {
			isa = XCBuildConfiguration;
			buildSettings = {
				BUNDLE_LOADER = "$(TEST_HOST)";
				CODE_SIGN_STYLE = Automatic;
				CURRENT_PROJECT_VERSION = 1;
				DEVELOPMENT_TEAM = 2Q6SBYY55H;
				GENERATE_INFOPLIST_FILE = YES;
				IPHONEOS_DEPLOYMENT_TARGET = 26.2;
				MARKETING_VERSION = 1.0;
				PRODUCT_BUNDLE_IDENTIFIER = com.prodnote.notetakingTests;
				PRODUCT_NAME = "$(TARGET_NAME)";
				SDKROOT = iphonesimulator;
				SUPPORTED_PLATFORMS = "iphoneos iphonesimulator";
				SWIFT_ACTIVE_COMPILATION_CONDITIONS = "DEBUG $(inherited)";
				SWIFT_DEFAULT_ACTOR_ISOLATION = MainActor;
				SWIFT_OPTIMIZATION_LEVEL = "-Onone";
				SWIFT_VERSION = 5.0;
				TARGETED_DEVICE_FAMILY = "1,2";
				TEST_HOST = "$(BUILT_PRODUCTS_DIR)/Note-taking.app/$(BUNDLE_EXECUTABLE_FOLDER_PATH)/Note-taking";
			};
			name = Debug;
		};
		CC110001000000000000007A /* Release */ = {
			isa = XCBuildConfiguration;
			buildSettings = {
				BUNDLE_LOADER = "$(TEST_HOST)";
				CODE_SIGN_STYLE = Automatic;
				CURRENT_PROJECT_VERSION = 1;
				DEVELOPMENT_TEAM = 2Q6SBYY55H;
				GENERATE_INFOPLIST_FILE = YES;
				IPHONEOS_DEPLOYMENT_TARGET = 26.2;
				MARKETING_VERSION = 1.0;
				PRODUCT_BUNDLE_IDENTIFIER = com.prodnote.notetakingTests;
				PRODUCT_NAME = "$(TARGET_NAME)";
				SDKROOT = iphonesimulator;
				SUPPORTED_PLATFORMS = "iphoneos iphonesimulator";
				SWIFT_DEFAULT_ACTOR_ISOLATION = MainActor;
				SWIFT_VERSION = 5.0;
				TARGETED_DEVICE_FAMILY = "1,2";
				TEST_HOST = "$(BUILT_PRODUCTS_DIR)/Note-taking.app/$(BUNDLE_EXECUTABLE_FOLDER_PATH)/Note-taking";
			};
			name = Release;
		};
/* End XCBuildConfiguration section */

/* Begin XCConfigurationList section */
		38577E632F787F2A002E377C /* Build configuration list for PBXNativeTarget "Note-takingUITests" */ = {
			isa = XCConfigurationList;
			buildConfigurations = (
				38577E612F787F2A002E377C /* Debug */,
				38577E622F787F2A002E377C /* Release */,
			);
			defaultConfigurationIsVisible = 0;
			defaultConfigurationName = Release;
		};
		38D407302F7A624F00B85136 /* Build configuration list for PBXNativeTarget "ProdNoteWidgetExtensionExtension" */ = {
			isa = XCConfigurationList;
			buildConfigurations = (
				38D4072E2F7A624F00B85136 /* Debug */,
				38D4072F2F7A624F00B85136 /* Release */,
			);
			defaultConfigurationIsVisible = 0;
			defaultConfigurationName = Release;
		};
		38EED4752F75B1CB0069B470 /* Build configuration list for PBXProject "Note-taking" */ = {
			isa = XCConfigurationList;
			buildConfigurations = (
				38EED4832F75B1CC0069B470 /* Debug */,
				38EED4842F75B1CC0069B470 /* Release */,
			);
			defaultConfigurationIsVisible = 0;
			defaultConfigurationName = Release;
		};
		38EED4852F75B1CC0069B470 /* Build configuration list for PBXNativeTarget "Note-taking" */ = {
			isa = XCConfigurationList;
			buildConfigurations = (
				38EED4862F75B1CC0069B470 /* Debug */,
				38EED4872F75B1CC0069B470 /* Release */,
			);
			defaultConfigurationIsVisible = 0;
			defaultConfigurationName = Release;
		};
		CC110001000000000000008A /* Build configuration list for PBXNativeTarget "Note-takingTests" */ = {
			isa = XCConfigurationList;
			buildConfigurations = (
				CC110001000000000000006A /* Debug */,
				CC110001000000000000007A /* Release */,
			);
			defaultConfigurationIsVisible = 0;
			defaultConfigurationName = Release;
		};
/* End XCConfigurationList section */

/* Begin XCLocalSwiftPackageReference section */
		38D4073F2F7A6D8400B85136 /* XCLocalSwiftPackageReference "ProdNoteShared" */ = {
			isa = XCLocalSwiftPackageReference;
			relativePath = ProdNoteShared;
		};
/* End XCLocalSwiftPackageReference section */

/* Begin XCRemoteSwiftPackageReference section */
		AA000003AAAA000300000003 /* XCRemoteSwiftPackageReference "RichTextKit" */ = {
			isa = XCRemoteSwiftPackageReference;
			repositoryURL = "https://github.com/danielsaidi/RichTextKit";
			requirement = {
				kind = upToNextMajorVersion;
				minimumVersion = 0.9.0;
			};
		};
/* End XCRemoteSwiftPackageReference section */

/* Begin XCSwiftPackageProductDependency section */
		38D407402F7A6DC700B85136 /* ProdNoteShared */ = {
			isa = XCSwiftPackageProductDependency;
			package = 38D4073F2F7A6D8400B85136 /* XCLocalSwiftPackageReference "ProdNoteShared" */;
			productName = ProdNoteShared;
		};
		38D407422F7A6E1300B85136 /* ProdNoteShared */ = {
			isa = XCSwiftPackageProductDependency;
			package = 38D4073F2F7A6D8400B85136 /* XCLocalSwiftPackageReference "ProdNoteShared" */;
			productName = ProdNoteShared;
		};
		AA000002AAAA000200000002 /* RichTextKit */ = {
			isa = XCSwiftPackageProductDependency;
			package = AA000003AAAA000300000003 /* XCRemoteSwiftPackageReference "RichTextKit" */;
			productName = RichTextKit;
		};
/* End XCSwiftPackageProductDependency section */
	};
	rootObject = 38EED4722F75B1CB0069B470 /* Project object */;
}
